{
  "pins" : [
    {
      "identity" : "xhbfoundationswiftlib",
      "kind" : "remoteSourceControl",
      "location" : "git@github.com:XHB-Swift/XHBFoundationSwiftLib.git",
      "state" : {
        "revision" : "aefd955c00e15bc2d4ac9082a8251ec016389bde",
        "version" : "0.0.4"
      }
    }
  ],
  "version" : 2
}
