{
  "pins" : [
    {
      "identity" : "xhbfoundationswiftlib",
      "kind" : "remoteSourceControl",
      "location" : "git@github.com:XHB-Swift/XHBFoundationSwiftLib.git",
      "state" : {
        "revision" : "068512e503670bba29f16d76f4d8bbabe1e7b11e",
        "version" : "0.0.2"
      }
    }
  ],
  "version" : 2
}
