{
  "pins" : [
    {
      "identity" : "xhbfoundationswiftlib",
      "kind" : "remoteSourceControl",
      "location" : "git@github.com:XHB-Swift/XHBFoundationSwiftLib.git",
      "state" : {
        "revision" : "465a1835d27e808fc8d522eb1e800557c6983c66",
        "version" : "0.1.8"
      }
    }
  ],
  "version" : 2
}
